
Microsoft Visual Studio Solution File, Format Version 12.00
# Visual Studio Version 16
VisualStudioVersion = 16.0.28803.202
MinimumVisualStudioVersion = 10.0.40219.1
Project("{FAE04EC0-301F-11D3-BF4B-00C04F79EFBC}") = "FileSystem", "FileSystem\FileSystem.csproj", "{A29B5520-B3A0-46DD-8C9E-6BCC6E8FF813}"
EndProject
Global
	GlobalSection(SolutionConfigurationPlatforms) = preSolution
		Debug|Any CPU = Debug|Any CPU
		Release|Any CPU = Release|Any CPU
	EndGlobalSection
	GlobalSection(ProjectConfigurationPlatforms) = postSolution
		{A29B5520-B3A0-46DD-8C9E-6BCC6E8FF813}.Debug|Any CPU.ActiveCfg = Debug|Any CPU
		{A29B5520-B3A0-46DD-8C9E-6BCC6E8FF813}.Debug|Any CPU.Build.0 = Debug|Any CPU
		{A29B5520-B3A0-46DD-8C9E-6BCC6E8FF813}.Release|Any CPU.ActiveCfg = Release|Any CPU
		{A29B5520-B3A0-46DD-8C9E-6BCC6E8FF813}.Release|Any CPU.Build.0 = Release|Any CPU
	EndGlobalSection
	GlobalSection(SolutionProperties) = preSolution
		HideSolutionNode = FALSE
	EndGlobalSection
	GlobalSection(ExtensibilityGlobals) = postSolution
		SolutionGuid = {0CF79009-FB23-48EA-8762-38AAB78F086D}
	EndGlobalSection
EndGlobal
